
Microsoft Visual Studio Solution File, Format Version 12.00
# Visual Studio Version 17
VisualStudioVersion = 17.6.33513.286
MinimumVisualStudioVersion = 10.0.40219.1
Project("{888888A0-9F3D-457C-B088-3A5042F75D52}") = "dali-rp2", "dali-rp2.pyproj", "{21DE6965-E7A9-45BF-BC35-9AAFE37F7DDF}"
EndProject
Global
	GlobalSection(SolutionConfigurationPlatforms) = preSolution
		Debug|Any CPU = Debug|Any CPU
		Release|Any CPU = Release|Any CPU
	EndGlobalSection
	GlobalSection(ProjectConfigurationPlatforms) = postSolution
		{21DE6965-E7A9-45BF-BC35-9AAFE37F7DDF}.Debug|Any CPU.ActiveCfg = Debug|Any CPU
		{21DE6965-E7A9-45BF-BC35-9AAFE37F7DDF}.Release|Any CPU.ActiveCfg = Release|Any CPU
	EndGlobalSection
	GlobalSection(SolutionProperties) = preSolution
		HideSolutionNode = FALSE
	EndGlobalSection
	GlobalSection(ExtensibilityGlobals) = postSolution
		SolutionGuid = {939DD0FF-121C-4BCB-9181-BCB6BBEEA96E}
	EndGlobalSection
EndGlobal
